{
  "name": "events-reporter",
  "version": "1.0.0",
  "lockfileVersion": 3,
  "requires": true,
  "packages": {
    "": {
      "name": "events-reporter",
      "version": "1.0.0",
      "dependencies": {
        "@clickhouse/client": "^1.0.1",
        "https": "^1.0.0"
      }
    },
    "node_modules/@clickhouse/client": {
      "version": "1.0.1",
      "resolved": "https://registry.npmjs.org/@clickhouse/client/-/client-1.0.1.tgz",
      "integrity": "sha512-fluUNnE2R7COJ6rn6DorYfi4D+AQn3t2qeBtEq37bQV3pD4EbKrBfKAwJ13e1lmMWdQ2B9bJUTMqGsRIDdWhJw==",
      "dependencies": {
        "@clickhouse/client-common": "1.0.1"
      },
      "engines": {
        "node": ">=16"
      }
    },
    "node_modules/@clickhouse/client-common": {
      "version": "1.0.1",
      "resolved": "https://registry.npmjs.org/@clickhouse/client-common/-/client-common-1.0.1.tgz",
      "integrity": "sha512-3L6e0foP6VOktScoi6XWMjJyOpKCWgLUYgPVxP2c7gm6Kotq+iRmmmXtXTSg7B7uozcLZycTtPfIw2d80SYsYw=="
    },
    "node_modules/https": {
      "version": "1.0.0",
      "resolved": "https://registry.npmjs.org/https/-/https-1.0.0.tgz",
      "integrity": "sha512-4EC57ddXrkaF0x83Oj8sM6SLQHAWXw90Skqu2M4AEWENZ3F02dFJE/GARA8igO79tcgYqGrD7ae4f5L3um2lgg=="
    }
  }
}
